
Microsoft Visual Studio Solution File, Format Version 12.00
# Visual Studio Version 16
VisualStudioVersion = 16.0.32510.428
MinimumVisualStudioVersion = 10.0.40219.1
Project("{FAE04EC0-301F-11D3-BF4B-00C04F79EFBC}") = "MvcFirmaCagri", "MvcFirmaCagri\MvcFirmaCagri.csproj", "{8C453D0A-4CC8-4B86-9BE0-534AC986000A}"
EndProject
Global
	GlobalSection(SolutionConfigurationPlatforms) = preSolution
		Debug|Any CPU = Debug|Any CPU
		Release|Any CPU = Release|Any CPU
	EndGlobalSection
	GlobalSection(ProjectConfigurationPlatforms) = postSolution
		{8C453D0A-4CC8-4B86-9BE0-534AC986000A}.Debug|Any CPU.ActiveCfg = Debug|Any CPU
		{8C453D0A-4CC8-4B86-9BE0-534AC986000A}.Debug|Any CPU.Build.0 = Debug|Any CPU
		{8C453D0A-4CC8-4B86-9BE0-534AC986000A}.Release|Any CPU.ActiveCfg = Release|Any CPU
		{8C453D0A-4CC8-4B86-9BE0-534AC986000A}.Release|Any CPU.Build.0 = Release|Any CPU
	EndGlobalSection
	GlobalSection(SolutionProperties) = preSolution
		HideSolutionNode = FALSE
	EndGlobalSection
	GlobalSection(ExtensibilityGlobals) = postSolution
		SolutionGuid = {33175AB8-8E9B-419F-B809-74B18E648BFC}
	EndGlobalSection
EndGlobal
